github.com/Lei2050/lei-utils v0.0.0-20241025111853-ba5105813b45 h1:mmoTAvQCxEH9YHw+B4Xj9SISOn2c9vncxvf3hBQ1xA8=
github.com/Lei2050/lei-utils v0.0.0-20241025111853-ba5105813b45/go.mod h1:ayM/AhTtN8W5boFvAnq7H+9qB5j8y/Dlzr3qP424CGg=
github.com/Lei2050/lei-utils v0.0.0-20241025112656-c3756d153869 h1:T2QUcKDkftY6/qnzVaIZ5sAtmZNwANELxVo2QYD4ako=
github.com/Lei2050/lei-utils v0.0.0-20241025112656-c3756d153869/go.mod h1:ayM/AhTtN8W5boFvAnq7H+9qB5j8y/Dlzr3qP424CGg=
